// !$*UTF8*$!
{
	archiveVersion = 1;
	classes = {
	};
	objectVersion = 56;
	objects = {

/* Begin PBXBuildFile section */
		330373E22A2CE1720094B80B /* OnboardingView.swift in Sources */ = {isa = PBXBuildFile; fileRef = 330373E12A2CE1720094B80B /* OnboardingView.swift */; };
		33708EFE2A2F812B000BAC2B /* ArticleView.swift in Sources */ = {isa = PBXBuildFile; fileRef = 33708EFD2A2F812B000BAC2B /* ArticleView.swift */; };
		338C7D482A21F7C7000778EE /* floofyApp.swift in Sources */ = {isa = PBXBuildFile; fileRef = 338C7D472A21F7C7000778EE /* floofyApp.swift */; };
		338C7D4A2A21F7C7000778EE /* ContentView.swift in Sources */ = {isa = PBXBuildFile; fileRef = 338C7D492A21F7C7000778EE /* ContentView.swift */; };
		338C7D4C2A21F7C8000778EE /* Assets.xcassets in Resources */ = {isa = PBXBuildFile; fileRef = 338C7D4B2A21F7C8000778EE /* Assets.xcassets */; };
		338C7D4F2A21F7C8000778EE /* Preview Assets.xcassets in Resources */ = {isa = PBXBuildFile; fileRef = 338C7D4E2A21F7C8000778EE /* Preview Assets.xcassets */; };
		F752BB592A2F728B0062F4B7 /* SplashView.swift in Sources */ = {isa = PBXBuildFile; fileRef = F752BB582A2F728B0062F4B7 /* SplashView.swift */; };
		F752BB5B2A31B32E0062F4B7 /* AddPetView.swift in Sources */ = {isa = PBXBuildFile; fileRef = F752BB5A2A31B32E0062F4B7 /* AddPetView.swift */; };
		F7558FBE2A332CF1003746A9 /* DetailPetView.swift in Sources */ = {isa = PBXBuildFile; fileRef = F7558FBD2A332CF1003746A9 /* DetailPetView.swift */; };
		F790BF6B2A31DBCE007CA255 /* TextFieldClearButton.swift in Sources */ = {isa = PBXBuildFile; fileRef = F790BF6A2A31DBCE007CA255 /* TextFieldClearButton.swift */; };
		F790BF6E2A31E4B6007CA255 /* CustomButton.swift in Sources */ = {isa = PBXBuildFile; fileRef = F790BF6D2A31E4B6007CA255 /* CustomButton.swift */; };
		F79793232A29136B00F5F5EC /* ReminderView.swift in Sources */ = {isa = PBXBuildFile; fileRef = F79793222A29136B00F5F5EC /* ReminderView.swift */; };
		F79793262A2916D200F5F5EC /* ReminderModel.swift in Sources */ = {isa = PBXBuildFile; fileRef = F79793252A2916D200F5F5EC /* ReminderModel.swift */; };
		F79793282A29A33E00F5F5EC /* AddReminderView.swift in Sources */ = {isa = PBXBuildFile; fileRef = F79793272A29A33E00F5F5EC /* AddReminderView.swift */; };
		F797932B2A2B56FD00F5F5EC /* Reminder.xcdatamodeld in Sources */ = {isa = PBXBuildFile; fileRef = F79793292A2B56FD00F5F5EC /* Reminder.xcdatamodeld */; };
		F797932D2A2B57A300F5F5EC /* DataController.swift in Sources */ = {isa = PBXBuildFile; fileRef = F797932C2A2B57A300F5F5EC /* DataController.swift */; };
		F79793312A2CC1FC00F5F5EC /* PetView.swift in Sources */ = {isa = PBXBuildFile; fileRef = F79793302A2CC1FC00F5F5EC /* PetView.swift */; };
/* End PBXBuildFile section */

/* Begin PBXFileReference section */
		330373E12A2CE1720094B80B /* OnboardingView.swift */ = {isa = PBXFileReference; lastKnownFileType = sourcecode.swift; path = OnboardingView.swift; sourceTree = "<group>"; };
		33708EFD2A2F812B000BAC2B /* ArticleView.swift */ = {isa = PBXFileReference; lastKnownFileType = sourcecode.swift; path = ArticleView.swift; sourceTree = "<group>"; };
		338C7D442A21F7C7000778EE /* floofy.app */ = {isa = PBXFileReference; explicitFileType = wrapper.application; includeInIndex = 0; path = floofy.app; sourceTree = BUILT_PRODUCTS_DIR; };
		338C7D472A21F7C7000778EE /* floofyApp.swift */ = {isa = PBXFileReference; lastKnownFileType = sourcecode.swift; path = floofyApp.swift; sourceTree = "<group>"; };
		338C7D492A21F7C7000778EE /* ContentView.swift */ = {isa = PBXFileReference; lastKnownFileType = sourcecode.swift; path = ContentView.swift; sourceTree = "<group>"; };
		338C7D4B2A21F7C8000778EE /* Assets.xcassets */ = {isa = PBXFileReference; lastKnownFileType = folder.assetcatalog; path = Assets.xcassets; sourceTree = "<group>"; };
		338C7D4E2A21F7C8000778EE /* Preview Assets.xcassets */ = {isa = PBXFileReference; lastKnownFileType = folder.assetcatalog; path = "Preview Assets.xcassets"; sourceTree = "<group>"; };
		F752BB582A2F728B0062F4B7 /* SplashView.swift */ = {isa = PBXFileReference; lastKnownFileType = sourcecode.swift; path = SplashView.swift; sourceTree = "<group>"; };
		F752BB5A2A31B32E0062F4B7 /* AddPetView.swift */ = {isa = PBXFileReference; lastKnownFileType = sourcecode.swift; path = AddPetView.swift; sourceTree = "<group>"; };
		F7558FBD2A332CF1003746A9 /* DetailPetView.swift */ = {isa = PBXFileReference; lastKnownFileType = sourcecode.swift; path = DetailPetView.swift; sourceTree = "<group>"; };
		F790BF6A2A31DBCE007CA255 /* TextFieldClearButton.swift */ = {isa = PBXFileReference; lastKnownFileType = sourcecode.swift; path = TextFieldClearButton.swift; sourceTree = "<group>"; };
		F790BF6D2A31E4B6007CA255 /* CustomButton.swift */ = {isa = PBXFileReference; lastKnownFileType = sourcecode.swift; path = CustomButton.swift; sourceTree = "<group>"; };
		F79793222A29136B00F5F5EC /* ReminderView.swift */ = {isa = PBXFileReference; lastKnownFileType = sourcecode.swift; path = ReminderView.swift; sourceTree = "<group>"; };
		F79793252A2916D200F5F5EC /* ReminderModel.swift */ = {isa = PBXFileReference; lastKnownFileType = sourcecode.swift; path = ReminderModel.swift; sourceTree = "<group>"; };
		F79793272A29A33E00F5F5EC /* AddReminderView.swift */ = {isa = PBXFileReference; lastKnownFileType = sourcecode.swift; path = AddReminderView.swift; sourceTree = "<group>"; };
		F797932A2A2B56FD00F5F5EC /* Reminder.xcdatamodel */ = {isa = PBXFileReference; lastKnownFileType = wrapper.xcdatamodel; path = Reminder.xcdatamodel; sourceTree = "<group>"; };
		F797932C2A2B57A300F5F5EC /* DataController.swift */ = {isa = PBXFileReference; lastKnownFileType = sourcecode.swift; path = DataController.swift; sourceTree = "<group>"; };
		F79793302A2CC1FC00F5F5EC /* PetView.swift */ = {isa = PBXFileReference; lastKnownFileType = sourcecode.swift; path = PetView.swift; sourceTree = "<group>"; };
/* End PBXFileReference section */

/* Begin PBXFrameworksBuildPhase section */
		338C7D412A21F7C7000778EE /* Frameworks */ = {
			isa = PBXFrameworksBuildPhase;
			buildActionMask = 2147483647;
			files = (
			);
			runOnlyForDeploymentPostprocessing = 0;
		};
/* End PBXFrameworksBuildPhase section */

/* Begin PBXGroup section */
		338C7D3B2A21F7C7000778EE = {
			isa = PBXGroup;
			children = (
				338C7D462A21F7C7000778EE /* floofy */,
				338C7D452A21F7C7000778EE /* Products */,
			);
			sourceTree = "<group>";
		};
		338C7D452A21F7C7000778EE /* Products */ = {
			isa = PBXGroup;
			children = (
				338C7D442A21F7C7000778EE /* floofy.app */,
			);
			name = Products;
			sourceTree = "<group>";
		};
		338C7D462A21F7C7000778EE /* floofy */ = {
			isa = PBXGroup;
			children = (
				F790BF6C2A31DE05007CA255 /* Component */,
				F79793242A2916C100F5F5EC /* Model */,
				338C7D472A21F7C7000778EE /* floofyApp.swift */,
				F778EB432A32C6AD007BDC6A /* View */,
				338C7D492A21F7C7000778EE /* ContentView.swift */,
				F797932C2A2B57A300F5F5EC /* DataController.swift */,
				338C7D4B2A21F7C8000778EE /* Assets.xcassets */,
				338C7D4D2A21F7C8000778EE /* Preview Content */,
				F79793292A2B56FD00F5F5EC /* Reminder.xcdatamodeld */,
			);
			path = floofy;
			sourceTree = "<group>";
		};
		338C7D4D2A21F7C8000778EE /* Preview Content */ = {
			isa = PBXGroup;
			children = (
				338C7D4E2A21F7C8000778EE /* Preview Assets.xcassets */,
			);
			path = "Preview Content";
			sourceTree = "<group>";
		};
		F778EB432A32C6AD007BDC6A /* View */ = {
			isa = PBXGroup;
			children = (
				F778EB482A32C733007BDC6A /* OnBoarding */,
				F778EB472A32C71E007BDC6A /* Article */,
				F778EB462A32C710007BDC6A /* Splash */,
				F778EB452A32C6F1007BDC6A /* Reminder */,
				F778EB442A32C6B8007BDC6A /* Pets */,
			);
			path = View;
			sourceTree = "<group>";
		};
		F778EB442A32C6B8007BDC6A /* Pets */ = {
			isa = PBXGroup;
			children = (
				F752BB5A2A31B32E0062F4B7 /* AddPetView.swift */,
				F79793302A2CC1FC00F5F5EC /* PetView.swift */,
				F7558FBD2A332CF1003746A9 /* DetailPetView.swift */,
			);
			path = Pets;
			sourceTree = "<group>";
		};
		F778EB452A32C6F1007BDC6A /* Reminder */ = {
			isa = PBXGroup;
			children = (
				F79793222A29136B00F5F5EC /* ReminderView.swift */,
				F79793272A29A33E00F5F5EC /* AddReminderView.swift */,
			);
			path = Reminder;
			sourceTree = "<group>";
		};
		F778EB462A32C710007BDC6A /* Splash */ = {
			isa = PBXGroup;
			children = (
				F752BB582A2F728B0062F4B7 /* SplashView.swift */,
			);
			path = Splash;
			sourceTree = "<group>";
		};
		F778EB472A32C71E007BDC6A /* Article */ = {
			isa = PBXGroup;
			children = (
				33708EFD2A2F812B000BAC2B /* ArticleView.swift */,
			);
			path = Article;
			sourceTree = "<group>";
		};
		F778EB482A32C733007BDC6A /* OnBoarding */ = {
			isa = PBXGroup;
			children = (
				330373E12A2CE1720094B80B /* OnboardingView.swift */,
			);
			path = OnBoarding;
			sourceTree = "<group>";
		};
		F790BF6C2A31DE05007CA255 /* Component */ = {
			isa = PBXGroup;
			children = (
				F790BF6A2A31DBCE007CA255 /* TextFieldClearButton.swift */,
				F790BF6D2A31E4B6007CA255 /* CustomButton.swift */,
			);
			path = Component;
			sourceTree = "<group>";
		};
		F79793242A2916C100F5F5EC /* Model */ = {
			isa = PBXGroup;
			children = (
				F79793252A2916D200F5F5EC /* ReminderModel.swift */,
			);
			path = Model;
			sourceTree = "<group>";
		};
/* End PBXGroup section */

/* Begin PBXNativeTarget section */
		338C7D432A21F7C7000778EE /* floofy */ = {
			isa = PBXNativeTarget;
			buildConfigurationList = 338C7D522A21F7C8000778EE /* Build configuration list for PBXNativeTarget "floofy" */;
			buildPhases = (
				338C7D402A21F7C7000778EE /* Sources */,
				338C7D412A21F7C7000778EE /* Frameworks */,
				338C7D422A21F7C7000778EE /* Resources */,
			);
			buildRules = (
			);
			dependencies = (
			);
			name = floofy;
			productName = floofy;
			productReference = 338C7D442A21F7C7000778EE /* floofy.app */;
			productType = "com.apple.product-type.application";
		};
/* End PBXNativeTarget section */

/* Begin PBXProject section */
		338C7D3C2A21F7C7000778EE /* Project object */ = {
			isa = PBXProject;
			attributes = {
				BuildIndependentTargetsInParallel = 1;
				LastSwiftUpdateCheck = 1430;
				LastUpgradeCheck = 1430;
				TargetAttributes = {
					338C7D432A21F7C7000778EE = {
						CreatedOnToolsVersion = 14.3;
					};
				};
			};
			buildConfigurationList = 338C7D3F2A21F7C7000778EE /* Build configuration list for PBXProject "floofy" */;
			compatibilityVersion = "Xcode 14.0";
			developmentRegion = en;
			hasScannedForEncodings = 0;
			knownRegions = (
				en,
				Base,
			);
			mainGroup = 338C7D3B2A21F7C7000778EE;
			productRefGroup = 338C7D452A21F7C7000778EE /* Products */;
			projectDirPath = "";
			projectRoot = "";
			targets = (
				338C7D432A21F7C7000778EE /* floofy */,
			);
		};
/* End PBXProject section */

/* Begin PBXResourcesBuildPhase section */
		338C7D422A21F7C7000778EE /* Resources */ = {
			isa = PBXResourcesBuildPhase;
			buildActionMask = 2147483647;
			files = (
				338C7D4F2A21F7C8000778EE /* Preview Assets.xcassets in Resources */,
				338C7D4C2A21F7C8000778EE /* Assets.xcassets in Resources */,
			);
			runOnlyForDeploymentPostprocessing = 0;
		};
/* End PBXResourcesBuildPhase section */

/* Begin PBXSourcesBuildPhase section */
		338C7D402A21F7C7000778EE /* Sources */ = {
			isa = PBXSourcesBuildPhase;
			buildActionMask = 2147483647;
			files = (
				F797932D2A2B57A300F5F5EC /* DataController.swift in Sources */,
				338C7D4A2A21F7C7000778EE /* ContentView.swift in Sources */,
				F79793262A2916D200F5F5EC /* ReminderModel.swift in Sources */,
				338C7D482A21F7C7000778EE /* floofyApp.swift in Sources */,
				F790BF6E2A31E4B6007CA255 /* CustomButton.swift in Sources */,
				F752BB5B2A31B32E0062F4B7 /* AddPetView.swift in Sources */,
				F79793312A2CC1FC00F5F5EC /* PetView.swift in Sources */,
				F79793282A29A33E00F5F5EC /* AddReminderView.swift in Sources */,
				330373E22A2CE1720094B80B /* OnboardingView.swift in Sources */,
				F79793232A29136B00F5F5EC /* ReminderView.swift in Sources */,
				F7558FBE2A332CF1003746A9 /* DetailPetView.swift in Sources */,
				F790BF6B2A31DBCE007CA255 /* TextFieldClearButton.swift in Sources */,
				33708EFE2A2F812B000BAC2B /* ArticleView.swift in Sources */,
				F797932B2A2B56FD00F5F5EC /* Reminder.xcdatamodeld in Sources */,
				F752BB592A2F728B0062F4B7 /* SplashView.swift in Sources */,
			);
			runOnlyForDeploymentPostprocessing = 0;
		};
/* End PBXSourcesBuildPhase section */

/* Begin XCBuildConfiguration section */
		338C7D502A21F7C8000778EE /* Debug */ = {
			isa = XCBuildConfiguration;
			buildSettings = {
				ALWAYS_SEARCH_USER_PATHS = NO;
				CLANG_ANALYZER_NONNULL = YES;
				CLANG_ANALYZER_NUMBER_OBJECT_CONVERSION = YES_AGGRESSIVE;
				CLANG_CXX_LANGUAGE_STANDARD = "gnu++20";
				CLANG_ENABLE_MODULES = YES;
				CLANG_ENABLE_OBJC_ARC = YES;
				CLANG_ENABLE_OBJC_WEAK = YES;
				CLANG_WARN_BLOCK_CAPTURE_AUTORELEASING = YES;
				CLANG_WARN_BOOL_CONVERSION = YES;
				CLANG_WARN_COMMA = YES;
				CLANG_WARN_CONSTANT_CONVERSION = YES;
				CLANG_WARN_DEPRECATED_OBJC_IMPLEMENTATIONS = YES;
				CLANG_WARN_DIRECT_OBJC_ISA_USAGE = YES_ERROR;
				CLANG_WARN_DOCUMENTATION_COMMENTS = YES;
				CLANG_WARN_EMPTY_BODY = YES;
				CLANG_WARN_ENUM_CONVERSION = YES;
				CLANG_WARN_INFINITE_RECURSION = YES;
				CLANG_WARN_INT_CONVERSION = YES;
				CLANG_WARN_NON_LITERAL_NULL_CONVERSION = YES;
				CLANG_WARN_OBJC_IMPLICIT_RETAIN_SELF = YES;
				CLANG_WARN_OBJC_LITERAL_CONVERSION = YES;
				CLANG_WARN_OBJC_ROOT_CLASS = YES_ERROR;
				CLANG_WARN_QUOTED_INCLUDE_IN_FRAMEWORK_HEADER = YES;
				CLANG_WARN_RANGE_LOOP_ANALYSIS = YES;
				CLANG_WARN_STRICT_PROTOTYPES = YES;
				CLANG_WARN_SUSPICIOUS_MOVE = YES;
				CLANG_WARN_UNGUARDED_AVAILABILITY = YES_AGGRESSIVE;
				CLANG_WARN_UNREACHABLE_CODE = YES;
				CLANG_WARN__DUPLICATE_METHOD_MATCH = YES;
				COPY_PHASE_STRIP = NO;
				DEBUG_INFORMATION_FORMAT = dwarf;
				ENABLE_STRICT_OBJC_MSGSEND = YES;
				ENABLE_TESTABILITY = YES;
				GCC_C_LANGUAGE_STANDARD = gnu11;
				GCC_DYNAMIC_NO_PIC = NO;
				GCC_NO_COMMON_BLOCKS = YES;
				GCC_OPTIMIZATION_LEVEL = 0;
				GCC_PREPROCESSOR_DEFINITIONS = (
					"DEBUG=1",
					"$(inherited)",
				);
				GCC_WARN_64_TO_32_BIT_CONVERSION = YES;
				GCC_WARN_ABOUT_RETURN_TYPE = YES_ERROR;
				GCC_WARN_UNDECLARED_SELECTOR = YES;
				GCC_WARN_UNINITIALIZED_AUTOS = YES_AGGRESSIVE;
				GCC_WARN_UNUSED_FUNCTION = YES;
				GCC_WARN_UNUSED_VARIABLE = YES;
				IPHONEOS_DEPLOYMENT_TARGET = 16.4;
				MTL_ENABLE_DEBUG_INFO = INCLUDE_SOURCE;
				MTL_FAST_MATH = YES;
				ONLY_ACTIVE_ARCH = YES;
				SDKROOT = iphoneos;
				SWIFT_ACTIVE_COMPILATION_CONDITIONS = DEBUG;
				SWIFT_OPTIMIZATION_LEVEL = "-Onone";
			};
			name = Debug;
		};
		338C7D512A21F7C8000778EE /* Release */ = {
			isa = XCBuildConfiguration;
			buildSettings = {
				ALWAYS_SEARCH_USER_PATHS = NO;
				CLANG_ANALYZER_NONNULL = YES;
				CLANG_ANALYZER_NUMBER_OBJECT_CONVERSION = YES_AGGRESSIVE;
				CLANG_CXX_LANGUAGE_STANDARD = "gnu++20";
				CLANG_ENABLE_MODULES = YES;
				CLANG_ENABLE_OBJC_ARC = YES;
				CLANG_ENABLE_OBJC_WEAK = YES;
				CLANG_WARN_BLOCK_CAPTURE_AUTORELEASING = YES;
				CLANG_WARN_BOOL_CONVERSION = YES;
				CLANG_WARN_COMMA = YES;
				CLANG_WARN_CONSTANT_CONVERSION = YES;
				CLANG_WARN_DEPRECATED_OBJC_IMPLEMENTATIONS = YES;
				CLANG_WARN_DIRECT_OBJC_ISA_USAGE = YES_ERROR;
				CLANG_WARN_DOCUMENTATION_COMMENTS = YES;
				CLANG_WARN_EMPTY_BODY = YES;
				CLANG_WARN_ENUM_CONVERSION = YES;
				CLANG_WARN_INFINITE_RECURSION = YES;
				CLANG_WARN_INT_CONVERSION = YES;
				CLANG_WARN_NON_LITERAL_NULL_CONVERSION = YES;
				CLANG_WARN_OBJC_IMPLICIT_RETAIN_SELF = YES;
				CLANG_WARN_OBJC_LITERAL_CONVERSION = YES;
				CLANG_WARN_OBJC_ROOT_CLASS = YES_ERROR;
				CLANG_WARN_QUOTED_INCLUDE_IN_FRAMEWORK_HEADER = YES;
				CLANG_WARN_RANGE_LOOP_ANALYSIS = YES;
				CLANG_WARN_STRICT_PROTOTYPES = YES;
				CLANG_WARN_SUSPICIOUS_MOVE = YES;
				CLANG_WARN_UNGUARDED_AVAILABILITY = YES_AGGRESSIVE;
				CLANG_WARN_UNREACHABLE_CODE = YES;
				CLANG_WARN__DUPLICATE_METHOD_MATCH = YES;
				COPY_PHASE_STRIP = NO;
				DEBUG_INFORMATION_FORMAT = "dwarf-with-dsym";
				ENABLE_NS_ASSERTIONS = NO;
				ENABLE_STRICT_OBJC_MSGSEND = YES;
				GCC_C_LANGUAGE_STANDARD = gnu11;
				GCC_NO_COMMON_BLOCKS = YES;
				GCC_WARN_64_TO_32_BIT_CONVERSION = YES;
				GCC_WARN_ABOUT_RETURN_TYPE = YES_ERROR;
				GCC_WARN_UNDECLARED_SELECTOR = YES;
				GCC_WARN_UNINITIALIZED_AUTOS = YES_AGGRESSIVE;
				GCC_WARN_UNUSED_FUNCTION = YES;
				GCC_WARN_UNUSED_VARIABLE = YES;
				IPHONEOS_DEPLOYMENT_TARGET = 16.4;
				MTL_ENABLE_DEBUG_INFO = NO;
				MTL_FAST_MATH = YES;
				SDKROOT = iphoneos;
				SWIFT_COMPILATION_MODE = wholemodule;
				SWIFT_OPTIMIZATION_LEVEL = "-O";
				VALIDATE_PRODUCT = YES;
			};
			name = Release;
		};
		338C7D532A21F7C8000778EE /* Debug */ = {
			isa = XCBuildConfiguration;
			buildSettings = {
				ASSETCATALOG_COMPILER_APPICON_NAME = AppIcon;
				ASSETCATALOG_COMPILER_GLOBAL_ACCENT_COLOR_NAME = AccentColor;
				CODE_SIGN_STYLE = Automatic;
				CURRENT_PROJECT_VERSION = 1;
				DEVELOPMENT_ASSET_PATHS = "\"floofy/Preview Content\"";
				DEVELOPMENT_TEAM = LH73CAYKFH;
				ENABLE_PREVIEWS = YES;
				GENERATE_INFOPLIST_FILE = YES;
				INFOPLIST_KEY_UIApplicationSceneManifest_Generation = YES;
				INFOPLIST_KEY_UIApplicationSupportsIndirectInputEvents = YES;
				INFOPLIST_KEY_UILaunchScreen_Generation = YES;
				INFOPLIST_KEY_UISupportedInterfaceOrientations_iPad = "UIInterfaceOrientationPortrait UIInterfaceOrientationPortraitUpsideDown UIInterfaceOrientationLandscapeLeft UIInterfaceOrientationLandscapeRight";
				INFOPLIST_KEY_UISupportedInterfaceOrientations_iPhone = "UIInterfaceOrientationPortrait UIInterfaceOrientationLandscapeLeft UIInterfaceOrientationLandscapeRight";
				IPHONEOS_DEPLOYMENT_TARGET = 16.4;
				LD_RUNPATH_SEARCH_PATHS = (
					"$(inherited)",
					"@executable_path/Frameworks",
				);
				MARKETING_VERSION = 1.0;
				PRODUCT_BUNDLE_IDENTIFIER = com.patrick.coba;
				PRODUCT_NAME = "$(TARGET_NAME)";
				SWIFT_EMIT_LOC_STRINGS = YES;
				SWIFT_VERSION = 5.0;
				TARGETED_DEVICE_FAMILY = "1,2";
			};
			name = Debug;
		};
		338C7D542A21F7C8000778EE /* Release */ = {
			isa = XCBuildConfiguration;
			buildSettings = {
				ASSETCATALOG_COMPILER_APPICON_NAME = AppIcon;
				ASSETCATALOG_COMPILER_GLOBAL_ACCENT_COLOR_NAME = AccentColor;
				CODE_SIGN_STYLE = Automatic;
				CURRENT_PROJECT_VERSION = 1;
				DEVELOPMENT_ASSET_PATHS = "\"floofy/Preview Content\"";
				DEVELOPMENT_TEAM = LH73CAYKFH;
				ENABLE_PREVIEWS = YES;
				GENERATE_INFOPLIST_FILE = YES;
				INFOPLIST_KEY_UIApplicationSceneManifest_Generation = YES;
				INFOPLIST_KEY_UIApplicationSupportsIndirectInputEvents = YES;
				INFOPLIST_KEY_UILaunchScreen_Generation = YES;
				INFOPLIST_KEY_UISupportedInterfaceOrientations_iPad = "UIInterfaceOrientationPortrait UIInterfaceOrientationPortraitUpsideDown UIInterfaceOrientationLandscapeLeft UIInterfaceOrientationLandscapeRight";
				INFOPLIST_KEY_UISupportedInterfaceOrientations_iPhone = "UIInterfaceOrientationPortrait UIInterfaceOrientationLandscapeLeft UIInterfaceOrientationLandscapeRight";
				IPHONEOS_DEPLOYMENT_TARGET = 16.4;
				LD_RUNPATH_SEARCH_PATHS = (
					"$(inherited)",
					"@executable_path/Frameworks",
				);
				MARKETING_VERSION = 1.0;
				PRODUCT_BUNDLE_IDENTIFIER = com.patrick.coba;
				PRODUCT_NAME = "$(TARGET_NAME)";
				SWIFT_EMIT_LOC_STRINGS = YES;
				SWIFT_VERSION = 5.0;
				TARGETED_DEVICE_FAMILY = "1,2";
			};
			name = Release;
		};
/* End XCBuildConfiguration section */

/* Begin XCConfigurationList section */
		338C7D3F2A21F7C7000778EE /* Build configuration list for PBXProject "floofy" */ = {
			isa = XCConfigurationList;
			buildConfigurations = (
				338C7D502A21F7C8000778EE /* Debug */,
				338C7D512A21F7C8000778EE /* Release */,
			);
			defaultConfigurationIsVisible = 0;
			defaultConfigurationName = Release;
		};
		338C7D522A21F7C8000778EE /* Build configuration list for PBXNativeTarget "floofy" */ = {
			isa = XCConfigurationList;
			buildConfigurations = (
				338C7D532A21F7C8000778EE /* Debug */,
				338C7D542A21F7C8000778EE /* Release */,
			);
			defaultConfigurationIsVisible = 0;
			defaultConfigurationName = Release;
		};
/* End XCConfigurationList section */

/* Begin XCVersionGroup section */
		F79793292A2B56FD00F5F5EC /* Reminder.xcdatamodeld */ = {
			isa = XCVersionGroup;
			children = (
				F797932A2A2B56FD00F5F5EC /* Reminder.xcdatamodel */,
			);
			currentVersion = F797932A2A2B56FD00F5F5EC /* Reminder.xcdatamodel */;
			path = Reminder.xcdatamodeld;
			sourceTree = "<group>";
			versionGroupType = wrapper.xcdatamodel;
		};
/* End XCVersionGroup section */
	};
	rootObject = 338C7D3C2A21F7C7000778EE /* Project object */;
}
